// !$*UTF8*$!
{
	archiveVersion = 1;
	classes = {
	};
	objectVersion = 77;
	objects = {

/* Begin PBXBuildFile section */
		14FCD3B39C948AD778E3D244 /* SmokeApp.swift in Sources */ = {isa = PBXBuildFile; fileRef = C369ACA32FFAF8CAEF1A5A4F /* SmokeApp.swift */; };
		A8278F919B15092811CB9E4F /* SmokeAppUITests.swift in Sources */ = {isa = PBXBuildFile; fileRef = 8F69C7FBA3DD57D78E79DF66 /* SmokeAppUITests.swift */; };
/* End PBXBuildFile section */

/* Begin PBXContainerItemProxy section */
		DDA785D2F63FD86A990E2160 /* PBXContainerItemProxy */ = {
			isa = PBXContainerItemProxy;
			containerPortal = D1DF07AD4856940548A9F3E4 /* Project object */;
			proxyType = 1;
			remoteGlobalIDString = C829328A640D7E07E4BB6BA7;
			remoteInfo = SmokeApp;
		};
/* End PBXContainerItemProxy section */

/* Begin PBXFileReference section */
		3776265240C08A2108F77162 /* SmokeApp.app */ = {isa = PBXFileReference; includeInIndex = 0; lastKnownFileType = wrapper.application; path = SmokeApp.app; sourceTree = BUILT_PRODUCTS_DIR; };
		723C702DBBC777248E3EDCEB /* SmokeAppUITests.xctest */ = {isa = PBXFileReference; includeInIndex = 0; lastKnownFileType = wrapper.cfbundle; path = SmokeAppUITests.xctest; sourceTree = BUILT_PRODUCTS_DIR; };
		8F69C7FBA3DD57D78E79DF66 /* SmokeAppUITests.swift */ = {isa = PBXFileReference; lastKnownFileType = sourcecode.swift; path = SmokeAppUITests.swift; sourceTree = "<group>"; };
		C369ACA32FFAF8CAEF1A5A4F /* SmokeApp.swift */ = {isa = PBXFileReference; lastKnownFileType = sourcecode.swift; path = SmokeApp.swift; sourceTree = "<group>"; };
/* End PBXFileReference section */

/* Begin PBXGroup section */
		3118DD0B50C6DB4FE02F3BE0 /* Products */ = {
			isa = PBXGroup;
			children = (
				3776265240C08A2108F77162 /* SmokeApp.app */,
				723C702DBBC777248E3EDCEB /* SmokeAppUITests.xctest */,
			);
			name = Products;
			sourceTree = "<group>";
		};
		52864B65E9004919881C29ED /* SmokeAppUITests */ = {
			isa = PBXGroup;
			children = (
				8F69C7FBA3DD57D78E79DF66 /* SmokeAppUITests.swift */,
			);
			path = SmokeAppUITests;
			sourceTree = "<group>";
		};
		5AB94A7F4896A3BCB157ED67 /* SmokeApp */ = {
			isa = PBXGroup;
			children = (
				C369ACA32FFAF8CAEF1A5A4F /* SmokeApp.swift */,
			);
			path = SmokeApp;
			sourceTree = "<group>";
		};
		71425EF6627E67BB550DA910 = {
			isa = PBXGroup;
			children = (
				5AB94A7F4896A3BCB157ED67 /* SmokeApp */,
				52864B65E9004919881C29ED /* SmokeAppUITests */,
				3118DD0B50C6DB4FE02F3BE0 /* Products */,
			);
			sourceTree = "<group>";
		};
/* End PBXGroup section */

/* Begin PBXNativeTarget section */
		9BB8D7CCFE17939AF3503DD6 /* SmokeAppUITests */ = {
			isa = PBXNativeTarget;
			buildConfigurationList = 50DEA0B0B588340944B43660 /* Build configuration list for PBXNativeTarget "SmokeAppUITests" */;
			buildPhases = (
				CB095EBB1ECE42B4F71823A3 /* Sources */,
			);
			buildRules = (
			);
			dependencies = (
				B0140C2DFCF9FF78C8FF6E6C /* PBXTargetDependency */,
			);
			name = SmokeAppUITests;
			packageProductDependencies = (
			);
			productName = SmokeAppUITests;
			productReference = 723C702DBBC777248E3EDCEB /* SmokeAppUITests.xctest */;
			productType = "com.apple.product-type.bundle.ui-testing";
		};
		C829328A640D7E07E4BB6BA7 /* SmokeApp */ = {
			isa = PBXNativeTarget;
			buildConfigurationList = D692DB3F1CE6F3AAC3CF29AB /* Build configuration list for PBXNativeTarget "SmokeApp" */;
			buildPhases = (
				CB1DA8B9F0F0A6671D95B423 /* Sources */,
			);
			buildRules = (
			);
			dependencies = (
			);
			name = SmokeApp;
			packageProductDependencies = (
			);
			productName = SmokeApp;
			productReference = 3776265240C08A2108F77162 /* SmokeApp.app */;
			productType = "com.apple.product-type.application";
		};
/* End PBXNativeTarget section */

/* Begin PBXProject section */
		D1DF07AD4856940548A9F3E4 /* Project object */ = {
			isa = PBXProject;
			attributes = {
				BuildIndependentTargetsInParallel = YES;
				LastUpgradeCheck = 1430;
				TargetAttributes = {
					9BB8D7CCFE17939AF3503DD6 = {
						TestTargetID = C829328A640D7E07E4BB6BA7;
					};
				};
			};
			buildConfigurationList = DDBDF76ABFE40C01D998FB0B /* Build configuration list for PBXProject "SmokeApp" */;
			developmentRegion = en;
			hasScannedForEncodings = 0;
			knownRegions = (
				Base,
				en,
			);
			mainGroup = 71425EF6627E67BB550DA910;
			minimizedProjectReferenceProxies = 1;
			preferredProjectObjectVersion = 77;
			productRefGroup = 3118DD0B50C6DB4FE02F3BE0 /* Products */;
			projectDirPath = "";
			projectRoot = "";
			targets = (
				C829328A640D7E07E4BB6BA7 /* SmokeApp */,
				9BB8D7CCFE17939AF3503DD6 /* SmokeAppUITests */,
			);
		};
/* End PBXProject section */

/* Begin PBXSourcesBuildPhase section */
		CB095EBB1ECE42B4F71823A3 /* Sources */ = {
			isa = PBXSourcesBuildPhase;
			buildActionMask = 2147483647;
			files = (
				A8278F919B15092811CB9E4F /* SmokeAppUITests.swift in Sources */,
			);
			runOnlyForDeploymentPostprocessing = 0;
		};
		CB1DA8B9F0F0A6671D95B423 /* Sources */ = {
			isa = PBXSourcesBuildPhase;
			buildActionMask = 2147483647;
			files = (
				14FCD3B39C948AD778E3D244 /* SmokeApp.swift in Sources */,
			);
			runOnlyForDeploymentPostprocessing = 0;
		};
/* End PBXSourcesBuildPhase section */

/* Begin PBXTargetDependency section */
		B0140C2DFCF9FF78C8FF6E6C /* PBXTargetDependency */ = {
			isa = PBXTargetDependency;
			target = C829328A640D7E07E4BB6BA7 /* SmokeApp */;
			targetProxy = DDA785D2F63FD86A990E2160 /* PBXContainerItemProxy */;
		};
/* End PBXTargetDependency section */

/* Begin XCBuildConfiguration section */
		035579BC60E2CF573EFC5633 /* Debug */ = {
			isa = XCBuildConfiguration;
			buildSettings = {
				ASSETCATALOG_COMPILER_APPICON_NAME = AppIcon;
				CODE_SIGN_IDENTITY = "iPhone Developer";
				GENERATE_INFOPLIST_FILE = YES;
				LD_RUNPATH_SEARCH_PATHS = (
					"$(inherited)",
					"@executable_path/Frameworks",
				);
				PRODUCT_BUNDLE_IDENTIFIER = local.tart.SmokeApp;
				SDKROOT = iphoneos;
				TARGETED_DEVICE_FAMILY = "1,2";
			};
			name = Debug;
		};
		12D25093589F402A58A62C39 /* Release */ = {
			isa = XCBuildConfiguration;
			buildSettings = {
				ALWAYS_SEARCH_USER_PATHS = NO;
				CLANG_ANALYZER_NONNULL = YES;
				CLANG_ANALYZER_NUMBER_OBJECT_CONVERSION = YES_AGGRESSIVE;
				CLANG_CXX_LANGUAGE_STANDARD = "gnu++14";
				CLANG_CXX_LIBRARY = "libc++";
				CLANG_ENABLE_MODULES = YES;
				CLANG_ENABLE_OBJC_ARC = YES;
				CLANG_ENABLE_OBJC_WEAK = YES;
				CLANG_WARN_BLOCK_CAPTURE_AUTORELEASING = YES;
				CLANG_WARN_BOOL_CONVERSION = YES;
				CLANG_WARN_COMMA = YES;
				CLANG_WARN_CONSTANT_CONVERSION = YES;
				CLANG_WARN_DEPRECATED_OBJC_IMPLEMENTATIONS = YES;
				CLANG_WARN_DIRECT_OBJC_ISA_USAGE = YES_ERROR;
				CLANG_WARN_DOCUMENTATION_COMMENTS = YES;
				CLANG_WARN_EMPTY_BODY = YES;
				CLANG_WARN_ENUM_CONVERSION = YES;
				CLANG_WARN_INFINITE_RECURSION = YES;
				CLANG_WARN_INT_CONVERSION = YES;
				CLANG_WARN_NON_LITERAL_NULL_CONVERSION = YES;
				CLANG_WARN_OBJC_IMPLICIT_RETAIN_SELF = YES;
				CLANG_WARN_OBJC_LITERAL_CONVERSION = YES;
				CLANG_WARN_OBJC_ROOT_CLASS = YES_ERROR;
				CLANG_WARN_QUOTED_INCLUDE_IN_FRAMEWORK_HEADER = YES;
				CLANG_WARN_RANGE_LOOP_ANALYSIS = YES;
				CLANG_WARN_STRICT_PROTOTYPES = YES;
				CLANG_WARN_SUSPICIOUS_MOVE = YES;
				CLANG_WARN_UNGUARDED_AVAILABILITY = YES_AGGRESSIVE;
				CLANG_WARN_UNREACHABLE_CODE = YES;
				CLANG_WARN__DUPLICATE_METHOD_MATCH = YES;
				COPY_PHASE_STRIP = NO;
				DEBUG_INFORMATION_FORMAT = "dwarf-with-dsym";
				ENABLE_NS_ASSERTIONS = NO;
				ENABLE_STRICT_OBJC_MSGSEND = YES;
				GCC_C_LANGUAGE_STANDARD = gnu11;
				GCC_NO_COMMON_BLOCKS = YES;
				GCC_WARN_64_TO_32_BIT_CONVERSION = YES;
				GCC_WARN_ABOUT_RETURN_TYPE = YES_ERROR;
				GCC_WARN_UNDECLARED_SELECTOR = YES;
				GCC_WARN_UNINITIALIZED_AUTOS = YES_AGGRESSIVE;
				GCC_WARN_UNUSED_FUNCTION = YES;
				GCC_WARN_UNUSED_VARIABLE = YES;
				IPHONEOS_DEPLOYMENT_TARGET = 17.0;
				MTL_ENABLE_DEBUG_INFO = NO;
				MTL_FAST_MATH = YES;
				PRODUCT_NAME = "$(TARGET_NAME)";
				SDKROOT = iphoneos;
				SWIFT_COMPILATION_MODE = wholemodule;
				SWIFT_OPTIMIZATION_LEVEL = "-O";
				SWIFT_VERSION = 6.0;
			};
			name = Release;
		};
		192775FFB564EAA1449A83D3 /* Debug */ = {
			isa = XCBuildConfiguration;
			buildSettings = {
				BUNDLE_LOADER = "$(TEST_HOST)";
				GENERATE_INFOPLIST_FILE = YES;
				LD_RUNPATH_SEARCH_PATHS = (
					"$(inherited)",
					"@executable_path/Frameworks",
					"@loader_path/Frameworks",
				);
				PRODUCT_BUNDLE_IDENTIFIER = local.tart.SmokeAppUITests;
				SDKROOT = iphoneos;
				TARGETED_DEVICE_FAMILY = "1,2";
				TEST_TARGET_NAME = SmokeApp;
			};
			name = Debug;
		};
		47B8632ED318B02FD64A843E /* Release */ = {
			isa = XCBuildConfiguration;
			buildSettings = {
				BUNDLE_LOADER = "$(TEST_HOST)";
				GENERATE_INFOPLIST_FILE = YES;
				LD_RUNPATH_SEARCH_PATHS = (
					"$(inherited)",
					"@executable_path/Frameworks",
					"@loader_path/Frameworks",
				);
				PRODUCT_BUNDLE_IDENTIFIER = local.tart.SmokeAppUITests;
				SDKROOT = iphoneos;
				TARGETED_DEVICE_FAMILY = "1,2";
				TEST_TARGET_NAME = SmokeApp;
			};
			name = Release;
		};
		BBCC85E486D7614F5969163A /* Release */ = {
			isa = XCBuildConfiguration;
			buildSettings = {
				ASSETCATALOG_COMPILER_APPICON_NAME = AppIcon;
				CODE_SIGN_IDENTITY = "iPhone Developer";
				GENERATE_INFOPLIST_FILE = YES;
				LD_RUNPATH_SEARCH_PATHS = (
					"$(inherited)",
					"@executable_path/Frameworks",
				);
				PRODUCT_BUNDLE_IDENTIFIER = local.tart.SmokeApp;
				SDKROOT = iphoneos;
				TARGETED_DEVICE_FAMILY = "1,2";
			};
			name = Release;
		};
		CCA7306E1C3F480498FF9676 /* Debug */ = {
			isa = XCBuildConfiguration;
			buildSettings = {
				ALWAYS_SEARCH_USER_PATHS = NO;
				CLANG_ANALYZER_NONNULL = YES;
				CLANG_ANALYZER_NUMBER_OBJECT_CONVERSION = YES_AGGRESSIVE;
				CLANG_CXX_LANGUAGE_STANDARD = "gnu++14";
				CLANG_CXX_LIBRARY = "libc++";
				CLANG_ENABLE_MODULES = YES;
				CLANG_ENABLE_OBJC_ARC = YES;
				CLANG_ENABLE_OBJC_WEAK = YES;
				CLANG_WARN_BLOCK_CAPTURE_AUTORELEASING = YES;
				CLANG_WARN_BOOL_CONVERSION = YES;
				CLANG_WARN_COMMA = YES;
				CLANG_WARN_CONSTANT_CONVERSION = YES;
				CLANG_WARN_DEPRECATED_OBJC_IMPLEMENTATIONS = YES;
				CLANG_WARN_DIRECT_OBJC_ISA_USAGE = YES_ERROR;
				CLANG_WARN_DOCUMENTATION_COMMENTS = YES;
				CLANG_WARN_EMPTY_BODY = YES;
				CLANG_WARN_ENUM_CONVERSION = YES;
				CLANG_WARN_INFINITE_RECURSION = YES;
				CLANG_WARN_INT_CONVERSION = YES;
				CLANG_WARN_NON_LITERAL_NULL_CONVERSION = YES;
				CLANG_WARN_OBJC_IMPLICIT_RETAIN_SELF = YES;
				CLANG_WARN_OBJC_LITERAL_CONVERSION = YES;
				CLANG_WARN_OBJC_ROOT_CLASS = YES_ERROR;
				CLANG_WARN_QUOTED_INCLUDE_IN_FRAMEWORK_HEADER = YES;
				CLANG_WARN_RANGE_LOOP_ANALYSIS = YES;
				CLANG_WARN_STRICT_PROTOTYPES = YES;
				CLANG_WARN_SUSPICIOUS_MOVE = YES;
				CLANG_WARN_UNGUARDED_AVAILABILITY = YES_AGGRESSIVE;
				CLANG_WARN_UNREACHABLE_CODE = YES;
				CLANG_WARN__DUPLICATE_METHOD_MATCH = YES;
				COPY_PHASE_STRIP = NO;
				DEBUG_INFORMATION_FORMAT = dwarf;
				ENABLE_STRICT_OBJC_MSGSEND = YES;
				ENABLE_TESTABILITY = YES;
				GCC_C_LANGUAGE_STANDARD = gnu11;
				GCC_DYNAMIC_NO_PIC = NO;
				GCC_NO_COMMON_BLOCKS = YES;
				GCC_OPTIMIZATION_LEVEL = 0;
				GCC_PREPROCESSOR_DEFINITIONS = (
					"$(inherited)",
					"DEBUG=1",
				);
				GCC_WARN_64_TO_32_BIT_CONVERSION = YES;
				GCC_WARN_ABOUT_RETURN_TYPE = YES_ERROR;
				GCC_WARN_UNDECLARED_SELECTOR = YES;
				GCC_WARN_UNINITIALIZED_AUTOS = YES_AGGRESSIVE;
				GCC_WARN_UNUSED_FUNCTION = YES;
				GCC_WARN_UNUSED_VARIABLE = YES;
				IPHONEOS_DEPLOYMENT_TARGET = 17.0;
				MTL_ENABLE_DEBUG_INFO = INCLUDE_SOURCE;
				MTL_FAST_MATH = YES;
				ONLY_ACTIVE_ARCH = YES;
				PRODUCT_NAME = "$(TARGET_NAME)";
				SDKROOT = iphoneos;
				SWIFT_ACTIVE_COMPILATION_CONDITIONS = DEBUG;
				SWIFT_OPTIMIZATION_LEVEL = "-Onone";
				SWIFT_VERSION = 6.0;
			};
			name = Debug;
		};
/* End XCBuildConfiguration section */

/* Begin XCConfigurationList section */
		50DEA0B0B588340944B43660 /* Build configuration list for PBXNativeTarget "SmokeAppUITests" */ = {
			isa = XCConfigurationList;
			buildConfigurations = (
				192775FFB564EAA1449A83D3 /* Debug */,
				47B8632ED318B02FD64A843E /* Release */,
			);
			defaultConfigurationIsVisible = 0;
			defaultConfigurationName = Debug;
		};
		D692DB3F1CE6F3AAC3CF29AB /* Build configuration list for PBXNativeTarget "SmokeApp" */ = {
			isa = XCConfigurationList;
			buildConfigurations = (
				035579BC60E2CF573EFC5633 /* Debug */,
				BBCC85E486D7614F5969163A /* Release */,
			);
			defaultConfigurationIsVisible = 0;
			defaultConfigurationName = Debug;
		};
		DDBDF76ABFE40C01D998FB0B /* Build configuration list for PBXProject "SmokeApp" */ = {
			isa = XCConfigurationList;
			buildConfigurations = (
				CCA7306E1C3F480498FF9676 /* Debug */,
				12D25093589F402A58A62C39 /* Release */,
			);
			defaultConfigurationIsVisible = 0;
			defaultConfigurationName = Debug;
		};
/* End XCConfigurationList section */
	};
	rootObject = D1DF07AD4856940548A9F3E4 /* Project object */;
}
